// !$*UTF8*$!
{
	archiveVersion = 1;
	classes = {
	};
	objectVersion = 77;
	objects = {

/* Begin PBXBuildFile section */
		3D2D60012DA8AEE400BF5FE3 /* Swinject in Frameworks */ = {isa = PBXBuildFile; productRef = 3D2D60002DA8AEE400BF5FE3 /* Swinject */; };
		3DD0594D2DA755A600915188 /* Supabase in Frameworks */ = {isa = PBXBuildFile; productRef = 3DD0594C2DA755A600915188 /* Supabase */; };
		3DD059522DA755DB00915188 /* Debug.xcconfig.example in Resources */ = {isa = PBXBuildFile; fileRef = 3DD059512DA755DB00915188 /* Debug.xcconfig.example */; };
		3DD059542DA7569700915188 /* Debug.xcconfig in Resources */ = {isa = PBXBuildFile; fileRef = 3DD059532DA7569700915188 /* Debug.xcconfig */; };
		3DD059562DA756A000915188 /* Release.xcconfig.example in Resources */ = {isa = PBXBuildFile; fileRef = 3DD059552DA756A000915188 /* Release.xcconfig.example */; };
		3DD059582DA756AD00915188 /* Release.xcconfig in Resources */ = {isa = PBXBuildFile; fileRef = 3DD059572DA756AD00915188 /* Release.xcconfig */; };
/* End PBXBuildFile section */

/* Begin PBXContainerItemProxy section */
		3D040DDC2DA6A0220040493B /* PBXContainerItemProxy */ = {
			isa = PBXContainerItemProxy;
			containerPortal = 3D040DC32DA6A0210040493B /* Project object */;
			proxyType = 1;
			remoteGlobalIDString = 3D040DCA2DA6A0210040493B;
			remoteInfo = SafeAreaBoard;
		};
		3D040DE62DA6A0220040493B /* PBXContainerItemProxy */ = {
			isa = PBXContainerItemProxy;
			containerPortal = 3D040DC32DA6A0210040493B /* Project object */;
			proxyType = 1;
			remoteGlobalIDString = 3D040DCA2DA6A0210040493B;
			remoteInfo = SafeAreaBoard;
		};
/* End PBXContainerItemProxy section */

/* Begin PBXFileReference section */
		3D040DCB2DA6A0210040493B /* SafeAreaBoard.app */ = {isa = PBXFileReference; explicitFileType = wrapper.application; includeInIndex = 0; path = SafeAreaBoard.app; sourceTree = BUILT_PRODUCTS_DIR; };
		3D040DDB2DA6A0220040493B /* SafeAreaBoardTests.xctest */ = {isa = PBXFileReference; explicitFileType = wrapper.cfbundle; includeInIndex = 0; path = SafeAreaBoardTests.xctest; sourceTree = BUILT_PRODUCTS_DIR; };
		3D040DE52DA6A0220040493B /* SafeAreaBoardUITests.xctest */ = {isa = PBXFileReference; explicitFileType = wrapper.cfbundle; includeInIndex = 0; path = SafeAreaBoardUITests.xctest; sourceTree = BUILT_PRODUCTS_DIR; };
		3DD059512DA755DB00915188 /* Debug.xcconfig.example */ = {isa = PBXFileReference; lastKnownFileType = text; path = Debug.xcconfig.example; sourceTree = "<group>"; };
		3DD059532DA7569700915188 /* Debug.xcconfig */ = {isa = PBXFileReference; lastKnownFileType = text.xcconfig; path = Debug.xcconfig; sourceTree = "<group>"; };
		3DD059552DA756A000915188 /* Release.xcconfig.example */ = {isa = PBXFileReference; lastKnownFileType = text; path = Release.xcconfig.example; sourceTree = "<group>"; };
		3DD059572DA756AD00915188 /* Release.xcconfig */ = {isa = PBXFileReference; lastKnownFileType = text.xcconfig; path = Release.xcconfig; sourceTree = "<group>"; };
/* End PBXFileReference section */

/* Begin PBXFileSystemSynchronizedBuildFileExceptionSet section */
		3DD0595A2DA757F100915188 /* Exceptions for "SafeAreaBoard" folder in "SafeAreaBoard" target */ = {
			isa = PBXFileSystemSynchronizedBuildFileExceptionSet;
			membershipExceptions = (
				Info.plist,
			);
			target = 3D040DCA2DA6A0210040493B /* SafeAreaBoard */;
		};
/* End PBXFileSystemSynchronizedBuildFileExceptionSet section */

/* Begin PBXFileSystemSynchronizedRootGroup section */
		3D040DCD2DA6A0210040493B /* SafeAreaBoard */ = {
			isa = PBXFileSystemSynchronizedRootGroup;
			exceptions = (
				3DD0595A2DA757F100915188 /* Exceptions for "SafeAreaBoard" folder in "SafeAreaBoard" target */,
			);
			path = SafeAreaBoard;
			sourceTree = "<group>";
		};
		3D040DDE2DA6A0220040493B /* SafeAreaBoardTests */ = {
			isa = PBXFileSystemSynchronizedRootGroup;
			path = SafeAreaBoardTests;
			sourceTree = "<group>";
		};
		3D040DE82DA6A0220040493B /* SafeAreaBoardUITests */ = {
			isa = PBXFileSystemSynchronizedRootGroup;
			path = SafeAreaBoardUITests;
			sourceTree = "<group>";
		};
		3DF2595C2DAA204C00A22457 /* Documents */ = {
			isa = PBXFileSystemSynchronizedRootGroup;
			path = Documents;
			sourceTree = "<group>";
		};
/* End PBXFileSystemSynchronizedRootGroup section */

/* Begin PBXFrameworksBuildPhase section */
		3D040DC82DA6A0210040493B /* Frameworks */ = {
			isa = PBXFrameworksBuildPhase;
			buildActionMask = 2147483647;
			files = (
				3DD0594D2DA755A600915188 /* Supabase in Frameworks */,
				3D2D60012DA8AEE400BF5FE3 /* Swinject in Frameworks */,
			);
			runOnlyForDeploymentPostprocessing = 0;
		};
		3D040DD82DA6A0220040493B /* Frameworks */ = {
			isa = PBXFrameworksBuildPhase;
			buildActionMask = 2147483647;
			files = (
			);
			runOnlyForDeploymentPostprocessing = 0;
		};
		3D040DE22DA6A0220040493B /* Frameworks */ = {
			isa = PBXFrameworksBuildPhase;
			buildActionMask = 2147483647;
			files = (
			);
			runOnlyForDeploymentPostprocessing = 0;
		};
/* End PBXFrameworksBuildPhase section */

/* Begin PBXGroup section */
		3D040DC22DA6A0210040493B = {
			isa = PBXGroup;
			children = (
				3DF2595C2DAA204C00A22457 /* Documents */,
				3DD059512DA755DB00915188 /* Debug.xcconfig.example */,
				3DD059552DA756A000915188 /* Release.xcconfig.example */,
				3DD059572DA756AD00915188 /* Release.xcconfig */,
				3DD059532DA7569700915188 /* Debug.xcconfig */,
				3D040DCD2DA6A0210040493B /* SafeAreaBoard */,
				3D040DDE2DA6A0220040493B /* SafeAreaBoardTests */,
				3D040DE82DA6A0220040493B /* SafeAreaBoardUITests */,
				3DD0594B2DA755A600915188 /* Frameworks */,
				3D040DCC2DA6A0210040493B /* Products */,
			);
			sourceTree = "<group>";
		};
		3D040DCC2DA6A0210040493B /* Products */ = {
			isa = PBXGroup;
			children = (
				3D040DCB2DA6A0210040493B /* SafeAreaBoard.app */,
				3D040DDB2DA6A0220040493B /* SafeAreaBoardTests.xctest */,
				3D040DE52DA6A0220040493B /* SafeAreaBoardUITests.xctest */,
			);
			name = Products;
			sourceTree = "<group>";
		};
		3DD0594B2DA755A600915188 /* Frameworks */ = {
			isa = PBXGroup;
			children = (
			);
			name = Frameworks;
			sourceTree = "<group>";
		};
/* End PBXGroup section */

/* Begin PBXNativeTarget section */
		3D040DCA2DA6A0210040493B /* SafeAreaBoard */ = {
			isa = PBXNativeTarget;
			buildConfigurationList = 3D040DEF2DA6A0220040493B /* Build configuration list for PBXNativeTarget "SafeAreaBoard" */;
			buildPhases = (
				3D040DC72DA6A0210040493B /* Sources */,
				3D040DC82DA6A0210040493B /* Frameworks */,
				3D040DC92DA6A0210040493B /* Resources */,
			);
			buildRules = (
			);
			dependencies = (
			);
			fileSystemSynchronizedGroups = (
				3D040DCD2DA6A0210040493B /* SafeAreaBoard */,
				3DF2595C2DAA204C00A22457 /* Documents */,
			);
			name = SafeAreaBoard;
			packageProductDependencies = (
				3DD0594C2DA755A600915188 /* Supabase */,
				3D2D60002DA8AEE400BF5FE3 /* Swinject */,
			);
			productName = SafeAreaBoard;
			productReference = 3D040DCB2DA6A0210040493B /* SafeAreaBoard.app */;
			productType = "com.apple.product-type.application";
		};
		3D040DDA2DA6A0220040493B /* SafeAreaBoardTests */ = {
			isa = PBXNativeTarget;
			buildConfigurationList = 3D040DF22DA6A0220040493B /* Build configuration list for PBXNativeTarget "SafeAreaBoardTests" */;
			buildPhases = (
				3D040DD72DA6A0220040493B /* Sources */,
				3D040DD82DA6A0220040493B /* Frameworks */,
				3D040DD92DA6A0220040493B /* Resources */,
			);
			buildRules = (
			);
			dependencies = (
				3D040DDD2DA6A0220040493B /* PBXTargetDependency */,
			);
			fileSystemSynchronizedGroups = (
				3D040DDE2DA6A0220040493B /* SafeAreaBoardTests */,
			);
			name = SafeAreaBoardTests;
			packageProductDependencies = (
			);
			productName = SafeAreaBoardTests;
			productReference = 3D040DDB2DA6A0220040493B /* SafeAreaBoardTests.xctest */;
			productType = "com.apple.product-type.bundle.unit-test";
		};
		3D040DE42DA6A0220040493B /* SafeAreaBoardUITests */ = {
			isa = PBXNativeTarget;
			buildConfigurationList = 3D040DF52DA6A0220040493B /* Build configuration list for PBXNativeTarget "SafeAreaBoardUITests" */;
			buildPhases = (
				3D040DE12DA6A0220040493B /* Sources */,
				3D040DE22DA6A0220040493B /* Frameworks */,
				3D040DE32DA6A0220040493B /* Resources */,
			);
			buildRules = (
			);
			dependencies = (
				3D040DE72DA6A0220040493B /* PBXTargetDependency */,
			);
			fileSystemSynchronizedGroups = (
				3D040DE82DA6A0220040493B /* SafeAreaBoardUITests */,
			);
			name = SafeAreaBoardUITests;
			packageProductDependencies = (
			);
			productName = SafeAreaBoardUITests;
			productReference = 3D040DE52DA6A0220040493B /* SafeAreaBoardUITests.xctest */;
			productType = "com.apple.product-type.bundle.ui-testing";
		};
/* End PBXNativeTarget section */

/* Begin PBXProject section */
		3D040DC32DA6A0210040493B /* Project object */ = {
			isa = PBXProject;
			attributes = {
				BuildIndependentTargetsInParallel = 1;
				LastSwiftUpdateCheck = 1620;
				LastUpgradeCheck = 1620;
				TargetAttributes = {
					3D040DCA2DA6A0210040493B = {
						CreatedOnToolsVersion = 16.2;
					};
					3D040DDA2DA6A0220040493B = {
						CreatedOnToolsVersion = 16.2;
						TestTargetID = 3D040DCA2DA6A0210040493B;
					};
					3D040DE42DA6A0220040493B = {
						CreatedOnToolsVersion = 16.2;
						TestTargetID = 3D040DCA2DA6A0210040493B;
					};
				};
			};
			buildConfigurationList = 3D040DC62DA6A0210040493B /* Build configuration list for PBXProject "SafeAreaBoard" */;
			developmentRegion = en;
			hasScannedForEncodings = 0;
			knownRegions = (
				en,
				Base,
			);
			mainGroup = 3D040DC22DA6A0210040493B;
			minimizedProjectReferenceProxies = 1;
			packageReferences = (
				3DD0594A2DA7559100915188 /* XCRemoteSwiftPackageReference "supabase-swift" */,
				3D2D5FFF2DA8AEE400BF5FE3 /* XCRemoteSwiftPackageReference "Swinject" */,
			);
			preferredProjectObjectVersion = 77;
			productRefGroup = 3D040DCC2DA6A0210040493B /* Products */;
			projectDirPath = "";
			projectRoot = "";
			targets = (
				3D040DCA2DA6A0210040493B /* SafeAreaBoard */,
				3D040DDA2DA6A0220040493B /* SafeAreaBoardTests */,
				3D040DE42DA6A0220040493B /* SafeAreaBoardUITests */,
			);
		};
/* End PBXProject section */

/* Begin PBXResourcesBuildPhase section */
		3D040DC92DA6A0210040493B /* Resources */ = {
			isa = PBXResourcesBuildPhase;
			buildActionMask = 2147483647;
			files = (
				3DD059522DA755DB00915188 /* Debug.xcconfig.example in Resources */,
				3DD059542DA7569700915188 /* Debug.xcconfig in Resources */,
				3DD059562DA756A000915188 /* Release.xcconfig.example in Resources */,
				3DD059582DA756AD00915188 /* Release.xcconfig in Resources */,
			);
			runOnlyForDeploymentPostprocessing = 0;
		};
		3D040DD92DA6A0220040493B /* Resources */ = {
			isa = PBXResourcesBuildPhase;
			buildActionMask = 2147483647;
			files = (
			);
			runOnlyForDeploymentPostprocessing = 0;
		};
		3D040DE32DA6A0220040493B /* Resources */ = {
			isa = PBXResourcesBuildPhase;
			buildActionMask = 2147483647;
			files = (
			);
			runOnlyForDeploymentPostprocessing = 0;
		};
/* End PBXResourcesBuildPhase section */

/* Begin PBXSourcesBuildPhase section */
		3D040DC72DA6A0210040493B /* Sources */ = {
			isa = PBXSourcesBuildPhase;
			buildActionMask = 2147483647;
			files = (
			);
			runOnlyForDeploymentPostprocessing = 0;
		};
		3D040DD72DA6A0220040493B /* Sources */ = {
			isa = PBXSourcesBuildPhase;
			buildActionMask = 2147483647;
			files = (
			);
			runOnlyForDeploymentPostprocessing = 0;
		};
		3D040DE12DA6A0220040493B /* Sources */ = {
			isa = PBXSourcesBuildPhase;
			buildActionMask = 2147483647;
			files = (
			);
			runOnlyForDeploymentPostprocessing = 0;
		};
/* End PBXSourcesBuildPhase section */

/* Begin PBXTargetDependency section */
		3D040DDD2DA6A0220040493B /* PBXTargetDependency */ = {
			isa = PBXTargetDependency;
			target = 3D040DCA2DA6A0210040493B /* SafeAreaBoard */;
			targetProxy = 3D040DDC2DA6A0220040493B /* PBXContainerItemProxy */;
		};
		3D040DE72DA6A0220040493B /* PBXTargetDependency */ = {
			isa = PBXTargetDependency;
			target = 3D040DCA2DA6A0210040493B /* SafeAreaBoard */;
			targetProxy = 3D040DE62DA6A0220040493B /* PBXContainerItemProxy */;
		};
/* End PBXTargetDependency section */

/* Begin XCBuildConfiguration section */
		3D040DED2DA6A0220040493B /* Debug */ = {
			isa = XCBuildConfiguration;
			buildSettings = {
				ALWAYS_SEARCH_USER_PATHS = NO;
				ASSETCATALOG_COMPILER_GENERATE_SWIFT_ASSET_SYMBOL_EXTENSIONS = YES;
				CLANG_ANALYZER_NONNULL = YES;
				CLANG_ANALYZER_NUMBER_OBJECT_CONVERSION = YES_AGGRESSIVE;
				CLANG_CXX_LANGUAGE_STANDARD = "gnu++20";
				CLANG_ENABLE_MODULES = YES;
				CLANG_ENABLE_OBJC_ARC = YES;
				CLANG_ENABLE_OBJC_WEAK = YES;
				CLANG_WARN_BLOCK_CAPTURE_AUTORELEASING = YES;
				CLANG_WARN_BOOL_CONVERSION = YES;
				CLANG_WARN_COMMA = YES;
				CLANG_WARN_CONSTANT_CONVERSION = YES;
				CLANG_WARN_DEPRECATED_OBJC_IMPLEMENTATIONS = YES;
				CLANG_WARN_DIRECT_OBJC_ISA_USAGE = YES_ERROR;
				CLANG_WARN_DOCUMENTATION_COMMENTS = YES;
				CLANG_WARN_EMPTY_BODY = YES;
				CLANG_WARN_ENUM_CONVERSION = YES;
				CLANG_WARN_INFINITE_RECURSION = YES;
				CLANG_WARN_INT_CONVERSION = YES;
				CLANG_WARN_NON_LITERAL_NULL_CONVERSION = YES;
				CLANG_WARN_OBJC_IMPLICIT_RETAIN_SELF = YES;
				CLANG_WARN_OBJC_LITERAL_CONVERSION = YES;
				CLANG_WARN_OBJC_ROOT_CLASS = YES_ERROR;
				CLANG_WARN_QUOTED_INCLUDE_IN_FRAMEWORK_HEADER = YES;
				CLANG_WARN_RANGE_LOOP_ANALYSIS = YES;
				CLANG_WARN_STRICT_PROTOTYPES = YES;
				CLANG_WARN_SUSPICIOUS_MOVE = YES;
				CLANG_WARN_UNGUARDED_AVAILABILITY = YES_AGGRESSIVE;
				CLANG_WARN_UNREACHABLE_CODE = YES;
				CLANG_WARN__DUPLICATE_METHOD_MATCH = YES;
				COPY_PHASE_STRIP = NO;
				DEBUG_INFORMATION_FORMAT = dwarf;
				ENABLE_STRICT_OBJC_MSGSEND = YES;
				ENABLE_TESTABILITY = YES;
				ENABLE_USER_SCRIPT_SANDBOXING = YES;
				GCC_C_LANGUAGE_STANDARD = gnu17;
				GCC_DYNAMIC_NO_PIC = NO;
				GCC_NO_COMMON_BLOCKS = YES;
				GCC_OPTIMIZATION_LEVEL = 0;
				GCC_PREPROCESSOR_DEFINITIONS = (
					"DEBUG=1",
					"$(inherited)",
				);
				GCC_WARN_64_TO_32_BIT_CONVERSION = YES;
				GCC_WARN_ABOUT_RETURN_TYPE = YES_ERROR;
				GCC_WARN_UNDECLARED_SELECTOR = YES;
				GCC_WARN_UNINITIALIZED_AUTOS = YES_AGGRESSIVE;
				GCC_WARN_UNUSED_FUNCTION = YES;
				GCC_WARN_UNUSED_VARIABLE = YES;
				IPHONEOS_DEPLOYMENT_TARGET = 18.2;
				LOCALIZATION_PREFERS_STRING_CATALOGS = YES;
				MTL_ENABLE_DEBUG_INFO = INCLUDE_SOURCE;
				MTL_FAST_MATH = YES;
				ONLY_ACTIVE_ARCH = YES;
				SDKROOT = iphoneos;
				SWIFT_ACTIVE_COMPILATION_CONDITIONS = "DEBUG $(inherited)";
				SWIFT_OPTIMIZATION_LEVEL = "-Onone";
			};
			name = Debug;
		};
		3D040DEE2DA6A0220040493B /* Release */ = {
			isa = XCBuildConfiguration;
			buildSettings = {
				ALWAYS_SEARCH_USER_PATHS = NO;
				ASSETCATALOG_COMPILER_GENERATE_SWIFT_ASSET_SYMBOL_EXTENSIONS = YES;
				CLANG_ANALYZER_NONNULL = YES;
				CLANG_ANALYZER_NUMBER_OBJECT_CONVERSION = YES_AGGRESSIVE;
				CLANG_CXX_LANGUAGE_STANDARD = "gnu++20";
				CLANG_ENABLE_MODULES = YES;
				CLANG_ENABLE_OBJC_ARC = YES;
				CLANG_ENABLE_OBJC_WEAK = YES;
				CLANG_WARN_BLOCK_CAPTURE_AUTORELEASING = YES;
				CLANG_WARN_BOOL_CONVERSION = YES;
				CLANG_WARN_COMMA = YES;
				CLANG_WARN_CONSTANT_CONVERSION = YES;
				CLANG_WARN_DEPRECATED_OBJC_IMPLEMENTATIONS = YES;
				CLANG_WARN_DIRECT_OBJC_ISA_USAGE = YES_ERROR;
				CLANG_WARN_DOCUMENTATION_COMMENTS = YES;
				CLANG_WARN_EMPTY_BODY = YES;
				CLANG_WARN_ENUM_CONVERSION = YES;
				CLANG_WARN_INFINITE_RECURSION = YES;
				CLANG_WARN_INT_CONVERSION = YES;
				CLANG_WARN_NON_LITERAL_NULL_CONVERSION = YES;
				CLANG_WARN_OBJC_IMPLICIT_RETAIN_SELF = YES;
				CLANG_WARN_OBJC_LITERAL_CONVERSION = YES;
				CLANG_WARN_OBJC_ROOT_CLASS = YES_ERROR;
				CLANG_WARN_QUOTED_INCLUDE_IN_FRAMEWORK_HEADER = YES;
				CLANG_WARN_RANGE_LOOP_ANALYSIS = YES;
				CLANG_WARN_STRICT_PROTOTYPES = YES;
				CLANG_WARN_SUSPICIOUS_MOVE = YES;
				CLANG_WARN_UNGUARDED_AVAILABILITY = YES_AGGRESSIVE;
				CLANG_WARN_UNREACHABLE_CODE = YES;
				CLANG_WARN__DUPLICATE_METHOD_MATCH = YES;
				COPY_PHASE_STRIP = NO;
				DEBUG_INFORMATION_FORMAT = "dwarf-with-dsym";
				ENABLE_NS_ASSERTIONS = NO;
				ENABLE_STRICT_OBJC_MSGSEND = YES;
				ENABLE_USER_SCRIPT_SANDBOXING = YES;
				GCC_C_LANGUAGE_STANDARD = gnu17;
				GCC_NO_COMMON_BLOCKS = YES;
				GCC_WARN_64_TO_32_BIT_CONVERSION = YES;
				GCC_WARN_ABOUT_RETURN_TYPE = YES_ERROR;
				GCC_WARN_UNDECLARED_SELECTOR = YES;
				GCC_WARN_UNINITIALIZED_AUTOS = YES_AGGRESSIVE;
				GCC_WARN_UNUSED_FUNCTION = YES;
				GCC_WARN_UNUSED_VARIABLE = YES;
				IPHONEOS_DEPLOYMENT_TARGET = 18.2;
				LOCALIZATION_PREFERS_STRING_CATALOGS = YES;
				MTL_ENABLE_DEBUG_INFO = NO;
				MTL_FAST_MATH = YES;
				SDKROOT = iphoneos;
				SWIFT_COMPILATION_MODE = wholemodule;
				VALIDATE_PRODUCT = YES;
			};
			name = Release;
		};
		3D040DF02DA6A0220040493B /* Debug */ = {
			isa = XCBuildConfiguration;
			baseConfigurationReference = 3DD059532DA7569700915188 /* Debug.xcconfig */;
			buildSettings = {
				ASSETCATALOG_COMPILER_APPICON_NAME = AppIcon;
				ASSETCATALOG_COMPILER_GLOBAL_ACCENT_COLOR_NAME = AccentColor;
				CODE_SIGN_ENTITLEMENTS = SafeAreaBoard/SafeAreaBoard.entitlements;
				CODE_SIGN_STYLE = Automatic;
				CURRENT_PROJECT_VERSION = 1;
				DEVELOPMENT_ASSET_PATHS = "\"SafeAreaBoard/Preview Content\"";
				DEVELOPMENT_TEAM = XS9UN8F2AX;
				ENABLE_PREVIEWS = YES;
				GENERATE_INFOPLIST_FILE = YES;
				INFOPLIST_FILE = SafeAreaBoard/Info.plist;
				INFOPLIST_KEY_UIApplicationSceneManifest_Generation = YES;
				INFOPLIST_KEY_UIApplicationSupportsIndirectInputEvents = YES;
				INFOPLIST_KEY_UILaunchScreen_Generation = YES;
				INFOPLIST_KEY_UISupportedInterfaceOrientations_iPad = "UIInterfaceOrientationPortrait UIInterfaceOrientationPortraitUpsideDown UIInterfaceOrientationLandscapeLeft UIInterfaceOrientationLandscapeRight";
				INFOPLIST_KEY_UISupportedInterfaceOrientations_iPhone = "UIInterfaceOrientationPortrait UIInterfaceOrientationLandscapeLeft UIInterfaceOrientationLandscapeRight";
				LD_RUNPATH_SEARCH_PATHS = (
					"$(inherited)",
					"@executable_path/Frameworks",
				);
				MARKETING_VERSION = 1.0;
				PRODUCT_BUNDLE_IDENTIFIER = com.youngtaek.SafeAreaBoard;
				PRODUCT_NAME = "$(TARGET_NAME)";
				SWIFT_EMIT_LOC_STRINGS = YES;
				SWIFT_VERSION = 5.0;
				TARGETED_DEVICE_FAMILY = "1,2";
			};
			name = Debug;
		};
		3D040DF12DA6A0220040493B /* Release */ = {
			isa = XCBuildConfiguration;
			baseConfigurationReference = 3DD059572DA756AD00915188 /* Release.xcconfig */;
			buildSettings = {
				ASSETCATALOG_COMPILER_APPICON_NAME = AppIcon;
				ASSETCATALOG_COMPILER_GLOBAL_ACCENT_COLOR_NAME = AccentColor;
				CODE_SIGN_ENTITLEMENTS = SafeAreaBoard/SafeAreaBoard.entitlements;
				CODE_SIGN_STYLE = Automatic;
				CURRENT_PROJECT_VERSION = 1;
				DEVELOPMENT_ASSET_PATHS = "\"SafeAreaBoard/Preview Content\"";
				DEVELOPMENT_TEAM = XS9UN8F2AX;
				ENABLE_PREVIEWS = YES;
				GENERATE_INFOPLIST_FILE = YES;
				INFOPLIST_FILE = SafeAreaBoard/Info.plist;
				INFOPLIST_KEY_UIApplicationSceneManifest_Generation = YES;
				INFOPLIST_KEY_UIApplicationSupportsIndirectInputEvents = YES;
				INFOPLIST_KEY_UILaunchScreen_Generation = YES;
				INFOPLIST_KEY_UISupportedInterfaceOrientations_iPad = "UIInterfaceOrientationPortrait UIInterfaceOrientationPortraitUpsideDown UIInterfaceOrientationLandscapeLeft UIInterfaceOrientationLandscapeRight";
				INFOPLIST_KEY_UISupportedInterfaceOrientations_iPhone = "UIInterfaceOrientationPortrait UIInterfaceOrientationLandscapeLeft UIInterfaceOrientationLandscapeRight";
				LD_RUNPATH_SEARCH_PATHS = (
					"$(inherited)",
					"@executable_path/Frameworks",
				);
				MARKETING_VERSION = 1.0;
				PRODUCT_BUNDLE_IDENTIFIER = com.youngtaek.SafeAreaBoard;
				PRODUCT_NAME = "$(TARGET_NAME)";
				SWIFT_EMIT_LOC_STRINGS = YES;
				SWIFT_VERSION = 5.0;
				TARGETED_DEVICE_FAMILY = "1,2";
			};
			name = Release;
		};
		3D040DF32DA6A0220040493B /* Debug */ = {
			isa = XCBuildConfiguration;
			buildSettings = {
				BUNDLE_LOADER = "$(TEST_HOST)";
				CODE_SIGN_STYLE = Automatic;
				CURRENT_PROJECT_VERSION = 1;
				DEVELOPMENT_TEAM = XS9UN8F2AX;
				GENERATE_INFOPLIST_FILE = YES;
				IPHONEOS_DEPLOYMENT_TARGET = 18.2;
				MARKETING_VERSION = 1.0;
				PRODUCT_BUNDLE_IDENTIFIER = com.youngtaek.SafeAreaBoardTests;
				PRODUCT_NAME = "$(TARGET_NAME)";
				SWIFT_EMIT_LOC_STRINGS = NO;
				SWIFT_VERSION = 5.0;
				TARGETED_DEVICE_FAMILY = "1,2";
				TEST_HOST = "$(BUILT_PRODUCTS_DIR)/SafeAreaBoard.app/$(BUNDLE_EXECUTABLE_FOLDER_PATH)/SafeAreaBoard";
			};
			name = Debug;
		};
		3D040DF42DA6A0220040493B /* Release */ = {
			isa = XCBuildConfiguration;
			buildSettings = {
				BUNDLE_LOADER = "$(TEST_HOST)";
				CODE_SIGN_STYLE = Automatic;
				CURRENT_PROJECT_VERSION = 1;
				DEVELOPMENT_TEAM = XS9UN8F2AX;
				GENERATE_INFOPLIST_FILE = YES;
				IPHONEOS_DEPLOYMENT_TARGET = 18.2;
				MARKETING_VERSION = 1.0;
				PRODUCT_BUNDLE_IDENTIFIER = com.youngtaek.SafeAreaBoardTests;
				PRODUCT_NAME = "$(TARGET_NAME)";
				SWIFT_EMIT_LOC_STRINGS = NO;
				SWIFT_VERSION = 5.0;
				TARGETED_DEVICE_FAMILY = "1,2";
				TEST_HOST = "$(BUILT_PRODUCTS_DIR)/SafeAreaBoard.app/$(BUNDLE_EXECUTABLE_FOLDER_PATH)/SafeAreaBoard";
			};
			name = Release;
		};
		3D040DF62DA6A0220040493B /* Debug */ = {
			isa = XCBuildConfiguration;
			buildSettings = {
				CODE_SIGN_STYLE = Automatic;
				CURRENT_PROJECT_VERSION = 1;
				DEVELOPMENT_TEAM = XS9UN8F2AX;
				GENERATE_INFOPLIST_FILE = YES;
				MARKETING_VERSION = 1.0;
				PRODUCT_BUNDLE_IDENTIFIER = com.youngtaek.SafeAreaBoardUITests;
				PRODUCT_NAME = "$(TARGET_NAME)";
				SWIFT_EMIT_LOC_STRINGS = NO;
				SWIFT_VERSION = 5.0;
				TARGETED_DEVICE_FAMILY = "1,2";
				TEST_TARGET_NAME = SafeAreaBoard;
			};
			name = Debug;
		};
		3D040DF72DA6A0220040493B /* Release */ = {
			isa = XCBuildConfiguration;
			buildSettings = {
				CODE_SIGN_STYLE = Automatic;
				CURRENT_PROJECT_VERSION = 1;
				DEVELOPMENT_TEAM = XS9UN8F2AX;
				GENERATE_INFOPLIST_FILE = YES;
				MARKETING_VERSION = 1.0;
				PRODUCT_BUNDLE_IDENTIFIER = com.youngtaek.SafeAreaBoardUITests;
				PRODUCT_NAME = "$(TARGET_NAME)";
				SWIFT_EMIT_LOC_STRINGS = NO;
				SWIFT_VERSION = 5.0;
				TARGETED_DEVICE_FAMILY = "1,2";
				TEST_TARGET_NAME = SafeAreaBoard;
			};
			name = Release;
		};
/* End XCBuildConfiguration section */

/* Begin XCConfigurationList section */
		3D040DC62DA6A0210040493B /* Build configuration list for PBXProject "SafeAreaBoard" */ = {
			isa = XCConfigurationList;
			buildConfigurations = (
				3D040DED2DA6A0220040493B /* Debug */,
				3D040DEE2DA6A0220040493B /* Release */,
			);
			defaultConfigurationIsVisible = 0;
			defaultConfigurationName = Release;
		};
		3D040DEF2DA6A0220040493B /* Build configuration list for PBXNativeTarget "SafeAreaBoard" */ = {
			isa = XCConfigurationList;
			buildConfigurations = (
				3D040DF02DA6A0220040493B /* Debug */,
				3D040DF12DA6A0220040493B /* Release */,
			);
			defaultConfigurationIsVisible = 0;
			defaultConfigurationName = Release;
		};
		3D040DF22DA6A0220040493B /* Build configuration list for PBXNativeTarget "SafeAreaBoardTests" */ = {
			isa = XCConfigurationList;
			buildConfigurations = (
				3D040DF32DA6A0220040493B /* Debug */,
				3D040DF42DA6A0220040493B /* Release */,
			);
			defaultConfigurationIsVisible = 0;
			defaultConfigurationName = Release;
		};
		3D040DF52DA6A0220040493B /* Build configuration list for PBXNativeTarget "SafeAreaBoardUITests" */ = {
			isa = XCConfigurationList;
			buildConfigurations = (
				3D040DF62DA6A0220040493B /* Debug */,
				3D040DF72DA6A0220040493B /* Release */,
			);
			defaultConfigurationIsVisible = 0;
			defaultConfigurationName = Release;
		};
/* End XCConfigurationList section */

/* Begin XCRemoteSwiftPackageReference section */
		3D2D5FFF2DA8AEE400BF5FE3 /* XCRemoteSwiftPackageReference "Swinject" */ = {
			isa = XCRemoteSwiftPackageReference;
			repositoryURL = "https://github.com/Swinject/Swinject.git";
			requirement = {
				kind = exactVersion;
				version = 2.9.1;
			};
		};
		3DD0594A2DA7559100915188 /* XCRemoteSwiftPackageReference "supabase-swift" */ = {
			isa = XCRemoteSwiftPackageReference;
			repositoryURL = "https://github.com/supabase/supabase-swift";
			requirement = {
				kind = exactVersion;
				version = 2.26.1;
			};
		};
/* End XCRemoteSwiftPackageReference section */

/* Begin XCSwiftPackageProductDependency section */
		3D2D60002DA8AEE400BF5FE3 /* Swinject */ = {
			isa = XCSwiftPackageProductDependency;
			package = 3D2D5FFF2DA8AEE400BF5FE3 /* XCRemoteSwiftPackageReference "Swinject" */;
			productName = Swinject;
		};
		3DD0594C2DA755A600915188 /* Supabase */ = {
			isa = XCSwiftPackageProductDependency;
			package = 3DD0594A2DA7559100915188 /* XCRemoteSwiftPackageReference "supabase-swift" */;
			productName = Supabase;
		};
/* End XCSwiftPackageProductDependency section */
	};
	rootObject = 3D040DC32DA6A0210040493B /* Project object */;
}
